
Microsoft Visual Studio Solution File, Format Version 12.00
# Visual Studio Version 17
VisualStudioVersion = 17.9.34728.123
MinimumVisualStudioVersion = 10.0.40219.1
Project("{FAE04EC0-301F-11D3-BF4B-00C04F79EFBC}") = "111.05", "111.05\111.05.csproj", "{CBAB8107-FF65-470C-9904-26D16A81233D}"
EndProject
Global
	GlobalSection(SolutionConfigurationPlatforms) = preSolution
		Debug|Any CPU = Debug|Any CPU
		Release|Any CPU = Release|Any CPU
	EndGlobalSection
	GlobalSection(ProjectConfigurationPlatforms) = postSolution
		{CBAB8107-FF65-470C-9904-26D16A81233D}.Debug|Any CPU.ActiveCfg = Debug|Any CPU
		{CBAB8107-FF65-470C-9904-26D16A81233D}.Debug|Any CPU.Build.0 = Debug|Any CPU
		{CBAB8107-FF65-470C-9904-26D16A81233D}.Release|Any CPU.ActiveCfg = Release|Any CPU
		{CBAB8107-FF65-470C-9904-26D16A81233D}.Release|Any CPU.Build.0 = Release|Any CPU
	EndGlobalSection
	GlobalSection(SolutionProperties) = preSolution
		HideSolutionNode = FALSE
	EndGlobalSection
	GlobalSection(ExtensibilityGlobals) = postSolution
		SolutionGuid = {E1285C07-40CC-45D5-A56E-E1BB213EE4B0}
	EndGlobalSection
EndGlobal
